// !$*UTF8*$!
{
	archiveVersion = 1;
	classes = {
	};
	objectVersion = 56;
	objects = {

/* Begin PBXBuildFile section */
		516A62A02BD2A5E3003C3C5E /* Assets.xcassets in Resources */ = {isa = PBXBuildFile; fileRef = 516A629F2BD2A5E3003C3C5E /* Assets.xcassets */; };
		516A62AB2BD2A7FA003C3C5E /* EffectView.swift in Sources */ = {isa = PBXBuildFile; fileRef = 516A62AA2BD2A7FA003C3C5E /* EffectView.swift */; };
		516A62AD2BD2AC67003C3C5E /* Shaders.metal in Sources */ = {isa = PBXBuildFile; fileRef = 516A62AC2BD2AC67003C3C5E /* Shaders.metal */; };
		516A62AF2BD3A8BC003C3C5E /* Renderer.swift in Sources */ = {isa = PBXBuildFile; fileRef = 516A62AE2BD3A8BC003C3C5E /* Renderer.swift */; };
		516A62B12BD3A960003C3C5E /* CaptureOutput.swift in Sources */ = {isa = PBXBuildFile; fileRef = 516A62B02BD3A960003C3C5E /* CaptureOutput.swift */; };
		516A62B32BD3AF79003C3C5E /* rpStateLibrary.swift in Sources */ = {isa = PBXBuildFile; fileRef = 516A62B22BD3AF79003C3C5E /* rpStateLibrary.swift */; };
		516A62B72BD3D3CB003C3C5E /* Main.storyboard in Resources */ = {isa = PBXBuildFile; fileRef = 516A62B62BD3D3CB003C3C5E /* Main.storyboard */; };
		516A62B92BD3D3EC003C3C5E /* App.swift in Sources */ = {isa = PBXBuildFile; fileRef = 516A62B82BD3D3EC003C3C5E /* App.swift */; };
		516A62BB2BD3F34A003C3C5E /* Localizable.xcstrings in Resources */ = {isa = PBXBuildFile; fileRef = 516A62BA2BD3F34A003C3C5E /* Localizable.xcstrings */; };
/* End PBXBuildFile section */

/* Begin PBXFileReference section */
		516A62982BD2A5E2003C3C5E /* Waves.app */ = {isa = PBXFileReference; explicitFileType = wrapper.application; includeInIndex = 0; path = Waves.app; sourceTree = BUILT_PRODUCTS_DIR; };
		516A629F2BD2A5E3003C3C5E /* Assets.xcassets */ = {isa = PBXFileReference; lastKnownFileType = folder.assetcatalog; path = Assets.xcassets; sourceTree = "<group>"; };
		516A62A42BD2A5E3003C3C5E /* Waves.entitlements */ = {isa = PBXFileReference; lastKnownFileType = text.plist.entitlements; path = Waves.entitlements; sourceTree = "<group>"; };
		516A62AA2BD2A7FA003C3C5E /* EffectView.swift */ = {isa = PBXFileReference; lastKnownFileType = sourcecode.swift; path = EffectView.swift; sourceTree = "<group>"; };
		516A62AC2BD2AC67003C3C5E /* Shaders.metal */ = {isa = PBXFileReference; lastKnownFileType = sourcecode.metal; path = Shaders.metal; sourceTree = "<group>"; };
		516A62AE2BD3A8BC003C3C5E /* Renderer.swift */ = {isa = PBXFileReference; lastKnownFileType = sourcecode.swift; path = Renderer.swift; sourceTree = "<group>"; };
		516A62B02BD3A960003C3C5E /* CaptureOutput.swift */ = {isa = PBXFileReference; lastKnownFileType = sourcecode.swift; path = CaptureOutput.swift; sourceTree = "<group>"; };
		516A62B22BD3AF79003C3C5E /* rpStateLibrary.swift */ = {isa = PBXFileReference; lastKnownFileType = sourcecode.swift; path = rpStateLibrary.swift; sourceTree = "<group>"; };
		516A62B62BD3D3CB003C3C5E /* Main.storyboard */ = {isa = PBXFileReference; lastKnownFileType = file.storyboard; path = Main.storyboard; sourceTree = "<group>"; };
		516A62B82BD3D3EC003C3C5E /* App.swift */ = {isa = PBXFileReference; lastKnownFileType = sourcecode.swift; path = App.swift; sourceTree = "<group>"; };
		516A62BA2BD3F34A003C3C5E /* Localizable.xcstrings */ = {isa = PBXFileReference; lastKnownFileType = text.json.xcstrings; path = Localizable.xcstrings; sourceTree = "<group>"; };
/* End PBXFileReference section */

/* Begin PBXFrameworksBuildPhase section */
		516A62952BD2A5E2003C3C5E /* Frameworks */ = {
			isa = PBXFrameworksBuildPhase;
			buildActionMask = 2147483647;
			files = (
			);
			runOnlyForDeploymentPostprocessing = 0;
		};
/* End PBXFrameworksBuildPhase section */

/* Begin PBXGroup section */
		516A628F2BD2A5E2003C3C5E = {
			isa = PBXGroup;
			children = (
				516A629A2BD2A5E2003C3C5E /* Waves */,
				516A62992BD2A5E2003C3C5E /* Products */,
			);
			sourceTree = "<group>";
		};
		516A62992BD2A5E2003C3C5E /* Products */ = {
			isa = PBXGroup;
			children = (
				516A62982BD2A5E2003C3C5E /* Waves.app */,
			);
			name = Products;
			sourceTree = "<group>";
		};
		516A629A2BD2A5E2003C3C5E /* Waves */ = {
			isa = PBXGroup;
			children = (
				516A62AA2BD2A7FA003C3C5E /* EffectView.swift */,
				516A62AE2BD3A8BC003C3C5E /* Renderer.swift */,
				516A62B02BD3A960003C3C5E /* CaptureOutput.swift */,
				516A62B22BD3AF79003C3C5E /* rpStateLibrary.swift */,
				516A62AC2BD2AC67003C3C5E /* Shaders.metal */,
				516A629F2BD2A5E3003C3C5E /* Assets.xcassets */,
				516A62A42BD2A5E3003C3C5E /* Waves.entitlements */,
				516A62B62BD3D3CB003C3C5E /* Main.storyboard */,
				516A62B82BD3D3EC003C3C5E /* App.swift */,
				516A62BA2BD3F34A003C3C5E /* Localizable.xcstrings */,
			);
			path = Waves;
			sourceTree = "<group>";
		};
/* End PBXGroup section */

/* Begin PBXNativeTarget section */
		516A62972BD2A5E2003C3C5E /* Waves */ = {
			isa = PBXNativeTarget;
			buildConfigurationList = 516A62A72BD2A5E3003C3C5E /* Build configuration list for PBXNativeTarget "Waves" */;
			buildPhases = (
				516A62942BD2A5E2003C3C5E /* Sources */,
				516A62952BD2A5E2003C3C5E /* Frameworks */,
				516A62962BD2A5E2003C3C5E /* Resources */,
			);
			buildRules = (
			);
			dependencies = (
			);
			name = Waves;
			productName = Waves;
			productReference = 516A62982BD2A5E2003C3C5E /* Waves.app */;
			productType = "com.apple.product-type.application";
		};
/* End PBXNativeTarget section */

/* Begin PBXProject section */
		516A62902BD2A5E2003C3C5E /* Project object */ = {
			isa = PBXProject;
			attributes = {
				BuildIndependentTargetsInParallel = 1;
				LastSwiftUpdateCheck = 1530;
				LastUpgradeCheck = 1530;
				TargetAttributes = {
					516A62972BD2A5E2003C3C5E = {
						CreatedOnToolsVersion = 15.3;
					};
				};
			};
			buildConfigurationList = 516A62932BD2A5E2003C3C5E /* Build configuration list for PBXProject "Waves" */;
			compatibilityVersion = "Xcode 14.0";
			developmentRegion = en;
			hasScannedForEncodings = 0;
			knownRegions = (
				en,
				Base,
				fi,
			);
			mainGroup = 516A628F2BD2A5E2003C3C5E;
			productRefGroup = 516A62992BD2A5E2003C3C5E /* Products */;
			projectDirPath = "";
			projectRoot = "";
			targets = (
				516A62972BD2A5E2003C3C5E /* Waves */,
			);
		};
/* End PBXProject section */

/* Begin PBXResourcesBuildPhase section */
		516A62962BD2A5E2003C3C5E /* Resources */ = {
			isa = PBXResourcesBuildPhase;
			buildActionMask = 2147483647;
			files = (
				516A62A02BD2A5E3003C3C5E /* Assets.xcassets in Resources */,
				516A62B72BD3D3CB003C3C5E /* Main.storyboard in Resources */,
				516A62BB2BD3F34A003C3C5E /* Localizable.xcstrings in Resources */,
			);
			runOnlyForDeploymentPostprocessing = 0;
		};
/* End PBXResourcesBuildPhase section */

/* Begin PBXSourcesBuildPhase section */
		516A62942BD2A5E2003C3C5E /* Sources */ = {
			isa = PBXSourcesBuildPhase;
			buildActionMask = 2147483647;
			files = (
				516A62AF2BD3A8BC003C3C5E /* Renderer.swift in Sources */,
				516A62B32BD3AF79003C3C5E /* rpStateLibrary.swift in Sources */,
				516A62B12BD3A960003C3C5E /* CaptureOutput.swift in Sources */,
				516A62AB2BD2A7FA003C3C5E /* EffectView.swift in Sources */,
				516A62B92BD3D3EC003C3C5E /* App.swift in Sources */,
				516A62AD2BD2AC67003C3C5E /* Shaders.metal in Sources */,
			);
			runOnlyForDeploymentPostprocessing = 0;
		};
/* End PBXSourcesBuildPhase section */

/* Begin XCBuildConfiguration section */
		516A62A52BD2A5E3003C3C5E /* Debug */ = {
			isa = XCBuildConfiguration;
			buildSettings = {
				ALWAYS_SEARCH_USER_PATHS = NO;
				ASSETCATALOG_COMPILER_GENERATE_SWIFT_ASSET_SYMBOL_EXTENSIONS = YES;
				CLANG_ANALYZER_NONNULL = YES;
				CLANG_ANALYZER_NUMBER_OBJECT_CONVERSION = YES_AGGRESSIVE;
				CLANG_CXX_LANGUAGE_STANDARD = "gnu++20";
				CLANG_ENABLE_MODULES = YES;
				CLANG_ENABLE_OBJC_ARC = YES;
				CLANG_ENABLE_OBJC_WEAK = YES;
				CLANG_WARN_BLOCK_CAPTURE_AUTORELEASING = YES;
				CLANG_WARN_BOOL_CONVERSION = YES;
				CLANG_WARN_COMMA = YES;
				CLANG_WARN_CONSTANT_CONVERSION = YES;
				CLANG_WARN_DEPRECATED_OBJC_IMPLEMENTATIONS = YES;
				CLANG_WARN_DIRECT_OBJC_ISA_USAGE = YES_ERROR;
				CLANG_WARN_DOCUMENTATION_COMMENTS = YES;
				CLANG_WARN_EMPTY_BODY = YES;
				CLANG_WARN_ENUM_CONVERSION = YES;
				CLANG_WARN_INFINITE_RECURSION = YES;
				CLANG_WARN_INT_CONVERSION = YES;
				CLANG_WARN_NON_LITERAL_NULL_CONVERSION = YES;
				CLANG_WARN_OBJC_IMPLICIT_RETAIN_SELF = YES;
				CLANG_WARN_OBJC_LITERAL_CONVERSION = YES;
				CLANG_WARN_OBJC_ROOT_CLASS = YES_ERROR;
				CLANG_WARN_QUOTED_INCLUDE_IN_FRAMEWORK_HEADER = YES;
				CLANG_WARN_RANGE_LOOP_ANALYSIS = YES;
				CLANG_WARN_STRICT_PROTOTYPES = YES;
				CLANG_WARN_SUSPICIOUS_MOVE = YES;
				CLANG_WARN_UNGUARDED_AVAILABILITY = YES_AGGRESSIVE;
				CLANG_WARN_UNREACHABLE_CODE = YES;
				CLANG_WARN__DUPLICATE_METHOD_MATCH = YES;
				COPY_PHASE_STRIP = NO;
				DEBUG_INFORMATION_FORMAT = dwarf;
				ENABLE_STRICT_OBJC_MSGSEND = YES;
				ENABLE_TESTABILITY = YES;
				ENABLE_USER_SCRIPT_SANDBOXING = YES;
				GCC_C_LANGUAGE_STANDARD = gnu17;
				GCC_DYNAMIC_NO_PIC = NO;
				GCC_NO_COMMON_BLOCKS = YES;
				GCC_OPTIMIZATION_LEVEL = 0;
				GCC_PREPROCESSOR_DEFINITIONS = (
					"DEBUG=1",
					"$(inherited)",
				);
				GCC_WARN_64_TO_32_BIT_CONVERSION = YES;
				GCC_WARN_ABOUT_RETURN_TYPE = YES_ERROR;
				GCC_WARN_UNDECLARED_SELECTOR = YES;
				GCC_WARN_UNINITIALIZED_AUTOS = YES_AGGRESSIVE;
				GCC_WARN_UNUSED_FUNCTION = YES;
				GCC_WARN_UNUSED_VARIABLE = YES;
				LOCALIZATION_PREFERS_STRING_CATALOGS = YES;
				MACOSX_DEPLOYMENT_TARGET = 14.4;
				MTL_ENABLE_DEBUG_INFO = INCLUDE_SOURCE;
				MTL_FAST_MATH = YES;
				ONLY_ACTIVE_ARCH = YES;
				SDKROOT = macosx;
				SWIFT_ACTIVE_COMPILATION_CONDITIONS = "DEBUG $(inherited)";
				SWIFT_OPTIMIZATION_LEVEL = "-Onone";
			};
			name = Debug;
		};
		516A62A62BD2A5E3003C3C5E /* Release */ = {
			isa = XCBuildConfiguration;
			buildSettings = {
				ALWAYS_SEARCH_USER_PATHS = NO;
				ASSETCATALOG_COMPILER_GENERATE_SWIFT_ASSET_SYMBOL_EXTENSIONS = YES;
				CLANG_ANALYZER_NONNULL = YES;
				CLANG_ANALYZER_NUMBER_OBJECT_CONVERSION = YES_AGGRESSIVE;
				CLANG_CXX_LANGUAGE_STANDARD = "gnu++20";
				CLANG_ENABLE_MODULES = YES;
				CLANG_ENABLE_OBJC_ARC = YES;
				CLANG_ENABLE_OBJC_WEAK = YES;
				CLANG_WARN_BLOCK_CAPTURE_AUTORELEASING = YES;
				CLANG_WARN_BOOL_CONVERSION = YES;
				CLANG_WARN_COMMA = YES;
				CLANG_WARN_CONSTANT_CONVERSION = YES;
				CLANG_WARN_DEPRECATED_OBJC_IMPLEMENTATIONS = YES;
				CLANG_WARN_DIRECT_OBJC_ISA_USAGE = YES_ERROR;
				CLANG_WARN_DOCUMENTATION_COMMENTS = YES;
				CLANG_WARN_EMPTY_BODY = YES;
				CLANG_WARN_ENUM_CONVERSION = YES;
				CLANG_WARN_INFINITE_RECURSION = YES;
				CLANG_WARN_INT_CONVERSION = YES;
				CLANG_WARN_NON_LITERAL_NULL_CONVERSION = YES;
				CLANG_WARN_OBJC_IMPLICIT_RETAIN_SELF = YES;
				CLANG_WARN_OBJC_LITERAL_CONVERSION = YES;
				CLANG_WARN_OBJC_ROOT_CLASS = YES_ERROR;
				CLANG_WARN_QUOTED_INCLUDE_IN_FRAMEWORK_HEADER = YES;
				CLANG_WARN_RANGE_LOOP_ANALYSIS = YES;
				CLANG_WARN_STRICT_PROTOTYPES = YES;
				CLANG_WARN_SUSPICIOUS_MOVE = YES;
				CLANG_WARN_UNGUARDED_AVAILABILITY = YES_AGGRESSIVE;
				CLANG_WARN_UNREACHABLE_CODE = YES;
				CLANG_WARN__DUPLICATE_METHOD_MATCH = YES;
				COPY_PHASE_STRIP = NO;
				DEBUG_INFORMATION_FORMAT = "dwarf-with-dsym";
				ENABLE_NS_ASSERTIONS = NO;
				ENABLE_STRICT_OBJC_MSGSEND = YES;
				ENABLE_USER_SCRIPT_SANDBOXING = YES;
				GCC_C_LANGUAGE_STANDARD = gnu17;
				GCC_NO_COMMON_BLOCKS = YES;
				GCC_WARN_64_TO_32_BIT_CONVERSION = YES;
				GCC_WARN_ABOUT_RETURN_TYPE = YES_ERROR;
				GCC_WARN_UNDECLARED_SELECTOR = YES;
				GCC_WARN_UNINITIALIZED_AUTOS = YES_AGGRESSIVE;
				GCC_WARN_UNUSED_FUNCTION = YES;
				GCC_WARN_UNUSED_VARIABLE = YES;
				LOCALIZATION_PREFERS_STRING_CATALOGS = YES;
				MACOSX_DEPLOYMENT_TARGET = 14.4;
				MTL_ENABLE_DEBUG_INFO = NO;
				MTL_FAST_MATH = YES;
				SDKROOT = macosx;
				SWIFT_COMPILATION_MODE = wholemodule;
			};
			name = Release;
		};
		516A62A82BD2A5E3003C3C5E /* Debug */ = {
			isa = XCBuildConfiguration;
			buildSettings = {
				ASSETCATALOG_COMPILER_APPICON_NAME = AppIcon;
				ASSETCATALOG_COMPILER_GLOBAL_ACCENT_COLOR_NAME = AccentColor;
				CODE_SIGN_ENTITLEMENTS = Waves/Waves.entitlements;
				CODE_SIGN_STYLE = Automatic;
				COMBINE_HIDPI_IMAGES = YES;
				CURRENT_PROJECT_VERSION = 1;
				DEVELOPMENT_TEAM = B8J394Q4M8;
				ENABLE_HARDENED_RUNTIME = YES;
				GENERATE_INFOPLIST_FILE = YES;
				INFOPLIST_KEY_CFBundleDisplayName = ScreenShader;
				INFOPLIST_KEY_LSApplicationCategoryType = "public.app-category.utilities";
				INFOPLIST_KEY_NSHumanReadableCopyright = "";
				INFOPLIST_KEY_NSMainStoryboardFile = Main;
				INFOPLIST_KEY_NSPrincipalClass = NSApplication;
				LD_RUNPATH_SEARCH_PATHS = (
					"$(inherited)",
					"@executable_path/../Frameworks",
				);
				MARKETING_VERSION = 1.0;
				PRODUCT_BUNDLE_IDENTIFIER = com.KudeKube.Waves;
				PRODUCT_NAME = "$(TARGET_NAME)";
				SWIFT_EMIT_LOC_STRINGS = YES;
				SWIFT_VERSION = 5.0;
			};
			name = Debug;
		};
		516A62A92BD2A5E3003C3C5E /* Release */ = {
			isa = XCBuildConfiguration;
			buildSettings = {
				ASSETCATALOG_COMPILER_APPICON_NAME = AppIcon;
				ASSETCATALOG_COMPILER_GLOBAL_ACCENT_COLOR_NAME = AccentColor;
				CODE_SIGN_ENTITLEMENTS = Waves/Waves.entitlements;
				CODE_SIGN_STYLE = Automatic;
				COMBINE_HIDPI_IMAGES = YES;
				CURRENT_PROJECT_VERSION = 1;
				DEVELOPMENT_TEAM = B8J394Q4M8;
				ENABLE_HARDENED_RUNTIME = YES;
				GENERATE_INFOPLIST_FILE = YES;
				INFOPLIST_KEY_CFBundleDisplayName = ScreenShader;
				INFOPLIST_KEY_LSApplicationCategoryType = "public.app-category.utilities";
				INFOPLIST_KEY_NSHumanReadableCopyright = "";
				INFOPLIST_KEY_NSMainStoryboardFile = Main;
				INFOPLIST_KEY_NSPrincipalClass = NSApplication;
				LD_RUNPATH_SEARCH_PATHS = (
					"$(inherited)",
					"@executable_path/../Frameworks",
				);
				MARKETING_VERSION = 1.0;
				PRODUCT_BUNDLE_IDENTIFIER = com.KudeKube.Waves;
				PRODUCT_NAME = "$(TARGET_NAME)";
				SWIFT_EMIT_LOC_STRINGS = YES;
				SWIFT_VERSION = 5.0;
			};
			name = Release;
		};
/* End XCBuildConfiguration section */

/* Begin XCConfigurationList section */
		516A62932BD2A5E2003C3C5E /* Build configuration list for PBXProject "Waves" */ = {
			isa = XCConfigurationList;
			buildConfigurations = (
				516A62A52BD2A5E3003C3C5E /* Debug */,
				516A62A62BD2A5E3003C3C5E /* Release */,
			);
			defaultConfigurationIsVisible = 0;
			defaultConfigurationName = Release;
		};
		516A62A72BD2A5E3003C3C5E /* Build configuration list for PBXNativeTarget "Waves" */ = {
			isa = XCConfigurationList;
			buildConfigurations = (
				516A62A82BD2A5E3003C3C5E /* Debug */,
				516A62A92BD2A5E3003C3C5E /* Release */,
			);
			defaultConfigurationIsVisible = 0;
			defaultConfigurationName = Release;
		};
/* End XCConfigurationList section */
	};
	rootObject = 516A62902BD2A5E2003C3C5E /* Project object */;
}
